
Microsoft Visual Studio Solution File, Format Version 12.00
# Visual Studio Version 17
VisualStudioVersion = 17.12.35527.113 d17.12
MinimumVisualStudioVersion = 10.0.40219.1
Project("{FAE04EC0-301F-11D3-BF4B-00C04F79EFBC}") = "Assignment Project-F24-25 - Third Year - CS Dept.pdf", "Assignment Project-F24-25 - Third Year - CS Dept.pdf\Assignment Project-F24-25 - Third Year - CS Dept.pdf.csproj", "{E9A28BD9-993C-451A-9239-AB68F1A7498D}"
EndProject
Global
	GlobalSection(SolutionConfigurationPlatforms) = preSolution
		Debug|Any CPU = Debug|Any CPU
		Release|Any CPU = Release|Any CPU
	EndGlobalSection
	GlobalSection(ProjectConfigurationPlatforms) = postSolution
		{E9A28BD9-993C-451A-9239-AB68F1A7498D}.Debug|Any CPU.ActiveCfg = Debug|Any CPU
		{E9A28BD9-993C-451A-9239-AB68F1A7498D}.Debug|Any CPU.Build.0 = Debug|Any CPU
		{E9A28BD9-993C-451A-9239-AB68F1A7498D}.Release|Any CPU.ActiveCfg = Release|Any CPU
		{E9A28BD9-993C-451A-9239-AB68F1A7498D}.Release|Any CPU.Build.0 = Release|Any CPU
	EndGlobalSection
	GlobalSection(SolutionProperties) = preSolution
		HideSolutionNode = FALSE
	EndGlobalSection
EndGlobal
